
Microsoft Visual Studio Solution File, Format Version 12.00
# Visual Studio Version 17
VisualStudioVersion = 17.12.35506.116
MinimumVisualStudioVersion = 10.0.40219.1
Project("{2150E333-8FDC-42A3-9474-1A3956D46DE8}") = "01 - Presentation", "01 - Presentation", "{F74978A9-C7E7-4A9B-AF5A-CE62AC73A7A2}"
EndProject
Project("{2150E333-8FDC-42A3-9474-1A3956D46DE8}") = "02 - Application Services", "02 - Application Services", "{D8E17484-AB17-423F-9B4C-972C5FC86097}"
EndProject
Project("{2150E333-8FDC-42A3-9474-1A3956D46DE8}") = "03 - Api", "03 - Api", "{4D2DFBCB-98CF-4D12-B6DF-C5C2053EB4F6}"
EndProject
Project("{2150E333-8FDC-42A3-9474-1A3956D46DE8}") = "04 - Infrastructure", "04 - Infrastructure", "{46AA96E3-E424-4C37-9431-98C114C1BA16}"
EndProject
Project("{2150E333-8FDC-42A3-9474-1A3956D46DE8}") = "05 - Domain", "05 - Domain", "{50D1AB38-66FA-4067-BDBF-7C32E92ED4DA}"
EndProject
Project("{2150E333-8FDC-42A3-9474-1A3956D46DE8}") = "05.01 - Entities", "05.01 - Entities", "{5F533859-D5AC-486B-AB90-C3AD6539F329}"
EndProject
Project("{2150E333-8FDC-42A3-9474-1A3956D46DE8}") = "05.02 - Patterns", "05.02 - Patterns", "{6AC1F9EC-D2C8-4B51-ACFC-87FD8E56A5C0}"
EndProject
Project("{2150E333-8FDC-42A3-9474-1A3956D46DE8}") = "05.02.03 - Services", "05.02.03 - Services", "{D9170F2F-E4F6-4C49-9ACC-A6F5AE672877}"
EndProject
Project("{2150E333-8FDC-42A3-9474-1A3956D46DE8}") = "05.02.02 - Repositories", "05.02.02 - Repositories", "{AD94472E-97A0-4941-9018-D96E580DAFBD}"
EndProject
Project("{2150E333-8FDC-42A3-9474-1A3956D46DE8}") = "05.02.01 - Interfaces", "05.02.01 - Interfaces", "{73037307-9B06-4641-B734-59BDB0247930}"
EndProject
Project("{FAE04EC0-301F-11D3-BF4B-00C04F79EFBC}") = "MOFA.StockManagement.Domain.Patterns.Services", "MOFA.StockManagement.Domain.Patterns.Services\MOFA.StockManagement.Domain.Patterns.Services.csproj", "{C70FCAF5-26C8-4E6B-BAC2-941DADCEFF53}"
EndProject
Project("{FAE04EC0-301F-11D3-BF4B-00C04F79EFBC}") = "MOFA.StockManagement.Domain.Patterns.Repositories", "MOFA.StockManagement.Domain.Patterns.Repositories\MOFA.StockManagement.Domain.Patterns.Repositories.csproj", "{CF98BF4F-9ED1-4557-A510-095CF361100E}"
EndProject
Project("{FAE04EC0-301F-11D3-BF4B-00C04F79EFBC}") = "MOFA.StockManagement.Domain.Patterns.Repositories.Trackable", "MOFA.StockManagement.Domain.Patterns.Repositories.Trackable\MOFA.StockManagement.Domain.Patterns.Repositories.Trackable.csproj", "{EDDCFB79-374D-4D44-9CA8-3F75D2BD8A24}"
EndProject
Project("{FAE04EC0-301F-11D3-BF4B-00C04F79EFBC}") = "MOFA.StockManagement.Domain.Patterns.Interfaces", "MOFA.StockManagement.Domain.Patterns.Interfaces\MOFA.StockManagement.Domain.Patterns.Interfaces.csproj", "{021A2E8D-CF6C-4067-99F6-2AABF1E43154}"
EndProject
Project("{FAE04EC0-301F-11D3-BF4B-00C04F79EFBC}") = "MOFA.StockManagement.Domain.Patterns.Interfaces.Services", "MOFA.StockManagement.Domain.Patterns.Interfaces.Services\MOFA.StockManagement.Domain.Patterns.Interfaces.Services.csproj", "{ADC9755F-3083-4724-A606-19014E07C177}"
EndProject
Project("{FAE04EC0-301F-11D3-BF4B-00C04F79EFBC}") = "MOFA.StockManagement.Domain.Patterns.Interfaces.Trackable", "MOFA.StockManagement.Domain.Patterns.Interfaces.Trackable\MOFA.StockManagement.Domain.Patterns.Interfaces.Trackable.csproj", "{77E45FEE-15FF-4BA4-9864-31BB8E294D11}"
EndProject
Project("{FAE04EC0-301F-11D3-BF4B-00C04F79EFBC}") = "MOFA.StockManagement.Domain.Entities", "MOFA.StockManagement.Domain.Entities\MOFA.StockManagement.Domain.Entities.csproj", "{850C496D-C8D8-4E5A-83A9-2A68400B9381}"
EndProject
Project("{2150E333-8FDC-42A3-9474-1A3956D46DE8}") = "04.04 - Data", "04.04 - Data", "{A05AB4E9-5858-403D-A83B-9CCBB9A48010}"
EndProject
Project("{2150E333-8FDC-42A3-9474-1A3956D46DE8}") = "04.03 - Query", "04.03 - Query", "{7A0E3268-B2C9-4319-AD10-537A54B92DF8}"
EndProject
Project("{2150E333-8FDC-42A3-9474-1A3956D46DE8}") = "04.02 - Model", "04.02 - Model", "{44591A06-06E7-48C8-B7E8-61C5929A341F}"
EndProject
Project("{2150E333-8FDC-42A3-9474-1A3956D46DE8}") = "04.01 - Business", "04.01 - Business", "{495FFB82-4472-41E8-AFF6-A542CB76F5DB}"
EndProject
Project("{FAE04EC0-301F-11D3-BF4B-00C04F79EFBC}") = "MOFA.StockManagement.Infrastructure.Data.Contexts", "MOFA.StockManagement.Infrastructure.Data.Contexts\MOFA.StockManagement.Infrastructure.Data.Contexts.csproj", "{2246DF30-FDF6-4C36-8A60-618FD0753B55}"
EndProject
Project("{FAE04EC0-301F-11D3-BF4B-00C04F79EFBC}") = "MOFA.StockManagement.Infrastructure.Queries", "MOFA.StockManagement.Infrastructure.Queries\MOFA.StockManagement.Infrastructure.Queries.csproj", "{96A8AF30-C59E-49C3-A7FA-08165D3E5FBE}"
EndProject
Project("{FAE04EC0-301F-11D3-BF4B-00C04F79EFBC}") = "MOFA.StockManagement.Infrastructure.Models", "MOFA.StockManagement.Infrastructure.Models\MOFA.StockManagement.Infrastructure.Models.csproj", "{259B810D-5C12-49EB-8C02-B5B63DC1976B}"
EndProject
Project("{FAE04EC0-301F-11D3-BF4B-00C04F79EFBC}") = "MOFA.StockManagement.Infrastructure.Models.Extension", "MOFA.StockManagement.Infrastructure.Models.Extension\MOFA.StockManagement.Infrastructure.Models.Extension.csproj", "{6E840BF1-5BE3-435A-AF55-00167FDBB4EA}"
EndProject
Project("{FAE04EC0-301F-11D3-BF4B-00C04F79EFBC}") = "MOFA.StockManagement.Infrastructure.Business", "MOFA.StockManagement.Infrastructure.Business\MOFA.StockManagement.Infrastructure.Business.csproj", "{67F4486B-F915-4B1B-94EB-3175D9CF7584}"
EndProject
Project("{FAE04EC0-301F-11D3-BF4B-00C04F79EFBC}") = "MOFA.StockManagement.Infrastructure.Business.Extension", "MOFA.StockManagement.Infrastructure.Business.Extension\MOFA.StockManagement.Infrastructure.Business.Extension.csproj", "{AD9B05C1-2EE7-4DEF-AD46-FE0AEC9CFD8C}"
EndProject
Project("{FAE04EC0-301F-11D3-BF4B-00C04F79EFBC}") = "MOFA.StockManagement.Infrastructure.Business.Mapper", "MOFA.StockManagement.Infrastructure.Business.Mapper\MOFA.StockManagement.Infrastructure.Business.Mapper.csproj", "{1B47502F-7183-4227-A688-E3EB28F15BD3}"
EndProject
Project("{2150E333-8FDC-42A3-9474-1A3956D46DE8}") = "03.02 - Identity Api", "03.02 - Identity Api", "{4999A52D-38AC-4885-896F-BCB74F4BC6FE}"
EndProject
Project("{2150E333-8FDC-42A3-9474-1A3956D46DE8}") = "03.01 - Services Api", "03.01 - Services Api", "{B7993149-0A01-4153-B7D4-48B6041ACD83}"
EndProject
Project("{FAE04EC0-301F-11D3-BF4B-00C04F79EFBC}") = "MOFA.StockManagement.Api.Services", "MOFA.StockManagement.Api.Services\MOFA.StockManagement.Api.Services.csproj", "{65D69C98-0D59-4CED-989A-0E4DC7F14D73}"
EndProject
Project("{2150E333-8FDC-42A3-9474-1A3956D46DE8}") = "02.02 - App ViewModels", "02.02 - App ViewModels", "{0F02743D-C40E-4E38-94CB-C5603154E0C0}"
EndProject
Project("{2150E333-8FDC-42A3-9474-1A3956D46DE8}") = "02.01 - AppService", "02.01 - AppService", "{80461834-DC21-4287-B9D4-1574CDE28331}"
EndProject
Project("{FAE04EC0-301F-11D3-BF4B-00C04F79EFBC}") = "MOFA.StockManagement.ApplicationService.ViewModels", "MOFA.StockManagement.ApplicationService.ViewModels\MOFA.StockManagement.ApplicationService.ViewModels.csproj", "{872A8C51-50B4-40E9-BC09-6850B62421FC}"
EndProject
Project("{FAE04EC0-301F-11D3-BF4B-00C04F79EFBC}") = "MOFA.StockManagement.ApplicationService.ViewModels.Resources", "MOFA.StockManagement.ApplicationService.ViewModels.Resources\MOFA.StockManagement.ApplicationService.ViewModels.Resources.csproj", "{182B2CAD-EA8C-4226-93A9-62AAE7E5F3FC}"
EndProject
Project("{FAE04EC0-301F-11D3-BF4B-00C04F79EFBC}") = "MOFA.StockManagement.ApplicationService.AppService", "MOFA.StockManagement.ApplicationService.AppService\MOFA.StockManagement.ApplicationService.AppService.csproj", "{641AE860-89C5-408E-A12B-8E8671A9C1E0}"
EndProject
Project("{FAE04EC0-301F-11D3-BF4B-00C04F79EFBC}") = "MOFA.StockManagement.ApplicationService.AppService.Extension", "MOFA.StockManagement.ApplicationService.AppService.Extension\MOFA.StockManagement.ApplicationService.AppService.Extension.csproj", "{54B73F9F-EF38-418C-9F52-FE5F6F4CDE23}"
EndProject
Project("{2150E333-8FDC-42A3-9474-1A3956D46DE8}") = "01.02 - Extensions", "01.02 - Extensions", "{6EFA30EA-30BB-45B4-8EB3-C88AC3BD8FDE}"
EndProject
Project("{2150E333-8FDC-42A3-9474-1A3956D46DE8}") = "01.01 - UI", "01.01 - UI", "{C3FDA535-68CD-4924-BA12-5FB804D4585C}"
EndProject
Project("{FAE04EC0-301F-11D3-BF4B-00C04F79EFBC}") = "MOFA.StockManagement.Presentation.Extension", "MOFA.StockManagement.Presentation.Extension\MOFA.StockManagement.Presentation.Extension.csproj", "{1C44E99B-EFEB-420A-B8B8-A61B91D649C1}"
EndProject
Project("{FAE04EC0-301F-11D3-BF4B-00C04F79EFBC}") = "MOFA.StockManagement.Presentation.Extension.Resources", "MOFA.StockManagement.Presentation.Extension.Resources\MOFA.StockManagement.Presentation.Extension.Resources.csproj", "{15F24151-907F-447E-A236-5ED188C0DC72}"
EndProject
Project("{FAE04EC0-301F-11D3-BF4B-00C04F79EFBC}") = "MOFA.StockManagement.Presentation.Extension.Config", "MOFA.StockManagement.Presentation.Extension.Config\MOFA.StockManagement.Presentation.Extension.Config.csproj", "{E2E39D45-D946-4F9D-B7FF-7AA179323E7E}"
EndProject
Project("{FAE04EC0-301F-11D3-BF4B-00C04F79EFBC}") = "MOFA.StockManagement.Presentation.UI", "MOFA.StockManagement.Presentation.UI\MOFA.StockManagement.Presentation.UI.csproj", "{CEDC4D67-C6C4-4839-B7AF-21F35B778DAA}"
EndProject
Project("{FAE04EC0-301F-11D3-BF4B-00C04F79EFBC}") = "MOFA.StockManagement.ApplicationService.ReportModels", "MOFA.StockManagement.ApplicationService.ReportModels\MOFA.StockManagement.ApplicationService.ReportModels.csproj", "{98FFA2EB-EDDD-4FCF-8680-47F8C0F76994}"
EndProject
Project("{FAE04EC0-301F-11D3-BF4B-00C04F79EFBC}") = "MOFA.StockManagement.Presentation.Extension.Sales", "MOFA.StockManagement.Presentation.Extension.Sales\MOFA.StockManagement.Presentation.Extension.Sales.csproj", "{4775576E-3E0F-47AD-863C-04D164B2AD93}"
EndProject
Global
	GlobalSection(SolutionConfigurationPlatforms) = preSolution
		Debug|Any CPU = Debug|Any CPU
		Release|Any CPU = Release|Any CPU
	EndGlobalSection
	GlobalSection(ProjectConfigurationPlatforms) = postSolution
		{C70FCAF5-26C8-4E6B-BAC2-941DADCEFF53}.Debug|Any CPU.ActiveCfg = Debug|Any CPU
		{C70FCAF5-26C8-4E6B-BAC2-941DADCEFF53}.Debug|Any CPU.Build.0 = Debug|Any CPU
		{C70FCAF5-26C8-4E6B-BAC2-941DADCEFF53}.Release|Any CPU.ActiveCfg = Release|Any CPU
		{C70FCAF5-26C8-4E6B-BAC2-941DADCEFF53}.Release|Any CPU.Build.0 = Release|Any CPU
		{CF98BF4F-9ED1-4557-A510-095CF361100E}.Debug|Any CPU.ActiveCfg = Debug|Any CPU
		{CF98BF4F-9ED1-4557-A510-095CF361100E}.Debug|Any CPU.Build.0 = Debug|Any CPU
		{CF98BF4F-9ED1-4557-A510-095CF361100E}.Release|Any CPU.ActiveCfg = Release|Any CPU
		{CF98BF4F-9ED1-4557-A510-095CF361100E}.Release|Any CPU.Build.0 = Release|Any CPU
		{EDDCFB79-374D-4D44-9CA8-3F75D2BD8A24}.Debug|Any CPU.ActiveCfg = Debug|Any CPU
		{EDDCFB79-374D-4D44-9CA8-3F75D2BD8A24}.Debug|Any CPU.Build.0 = Debug|Any CPU
		{EDDCFB79-374D-4D44-9CA8-3F75D2BD8A24}.Release|Any CPU.ActiveCfg = Release|Any CPU
		{EDDCFB79-374D-4D44-9CA8-3F75D2BD8A24}.Release|Any CPU.Build.0 = Release|Any CPU
		{021A2E8D-CF6C-4067-99F6-2AABF1E43154}.Debug|Any CPU.ActiveCfg = Debug|Any CPU
		{021A2E8D-CF6C-4067-99F6-2AABF1E43154}.Debug|Any CPU.Build.0 = Debug|Any CPU
		{021A2E8D-CF6C-4067-99F6-2AABF1E43154}.Release|Any CPU.ActiveCfg = Release|Any CPU
		{021A2E8D-CF6C-4067-99F6-2AABF1E43154}.Release|Any CPU.Build.0 = Release|Any CPU
		{ADC9755F-3083-4724-A606-19014E07C177}.Debug|Any CPU.ActiveCfg = Debug|Any CPU
		{ADC9755F-3083-4724-A606-19014E07C177}.Debug|Any CPU.Build.0 = Debug|Any CPU
		{ADC9755F-3083-4724-A606-19014E07C177}.Release|Any CPU.ActiveCfg = Release|Any CPU
		{ADC9755F-3083-4724-A606-19014E07C177}.Release|Any CPU.Build.0 = Release|Any CPU
		{77E45FEE-15FF-4BA4-9864-31BB8E294D11}.Debug|Any CPU.ActiveCfg = Debug|Any CPU
		{77E45FEE-15FF-4BA4-9864-31BB8E294D11}.Debug|Any CPU.Build.0 = Debug|Any CPU
		{77E45FEE-15FF-4BA4-9864-31BB8E294D11}.Release|Any CPU.ActiveCfg = Release|Any CPU
		{77E45FEE-15FF-4BA4-9864-31BB8E294D11}.Release|Any CPU.Build.0 = Release|Any CPU
		{850C496D-C8D8-4E5A-83A9-2A68400B9381}.Debug|Any CPU.ActiveCfg = Debug|Any CPU
		{850C496D-C8D8-4E5A-83A9-2A68400B9381}.Debug|Any CPU.Build.0 = Debug|Any CPU
		{850C496D-C8D8-4E5A-83A9-2A68400B9381}.Release|Any CPU.ActiveCfg = Release|Any CPU
		{850C496D-C8D8-4E5A-83A9-2A68400B9381}.Release|Any CPU.Build.0 = Release|Any CPU
		{2246DF30-FDF6-4C36-8A60-618FD0753B55}.Debug|Any CPU.ActiveCfg = Debug|Any CPU
		{2246DF30-FDF6-4C36-8A60-618FD0753B55}.Debug|Any CPU.Build.0 = Debug|Any CPU
		{2246DF30-FDF6-4C36-8A60-618FD0753B55}.Release|Any CPU.ActiveCfg = Release|Any CPU
		{2246DF30-FDF6-4C36-8A60-618FD0753B55}.Release|Any CPU.Build.0 = Release|Any CPU
		{96A8AF30-C59E-49C3-A7FA-08165D3E5FBE}.Debug|Any CPU.ActiveCfg = Debug|Any CPU
		{96A8AF30-C59E-49C3-A7FA-08165D3E5FBE}.Debug|Any CPU.Build.0 = Debug|Any CPU
		{96A8AF30-C59E-49C3-A7FA-08165D3E5FBE}.Release|Any CPU.ActiveCfg = Release|Any CPU
		{96A8AF30-C59E-49C3-A7FA-08165D3E5FBE}.Release|Any CPU.Build.0 = Release|Any CPU
		{259B810D-5C12-49EB-8C02-B5B63DC1976B}.Debug|Any CPU.ActiveCfg = Debug|Any CPU
		{259B810D-5C12-49EB-8C02-B5B63DC1976B}.Debug|Any CPU.Build.0 = Debug|Any CPU
		{259B810D-5C12-49EB-8C02-B5B63DC1976B}.Release|Any CPU.ActiveCfg = Release|Any CPU
		{259B810D-5C12-49EB-8C02-B5B63DC1976B}.Release|Any CPU.Build.0 = Release|Any CPU
		{6E840BF1-5BE3-435A-AF55-00167FDBB4EA}.Debug|Any CPU.ActiveCfg = Debug|Any CPU
		{6E840BF1-5BE3-435A-AF55-00167FDBB4EA}.Debug|Any CPU.Build.0 = Debug|Any CPU
		{6E840BF1-5BE3-435A-AF55-00167FDBB4EA}.Release|Any CPU.ActiveCfg = Release|Any CPU
		{6E840BF1-5BE3-435A-AF55-00167FDBB4EA}.Release|Any CPU.Build.0 = Release|Any CPU
		{67F4486B-F915-4B1B-94EB-3175D9CF7584}.Debug|Any CPU.ActiveCfg = Debug|Any CPU
		{67F4486B-F915-4B1B-94EB-3175D9CF7584}.Debug|Any CPU.Build.0 = Debug|Any CPU
		{67F4486B-F915-4B1B-94EB-3175D9CF7584}.Release|Any CPU.ActiveCfg = Release|Any CPU
		{67F4486B-F915-4B1B-94EB-3175D9CF7584}.Release|Any CPU.Build.0 = Release|Any CPU
		{AD9B05C1-2EE7-4DEF-AD46-FE0AEC9CFD8C}.Debug|Any CPU.ActiveCfg = Debug|Any CPU
		{AD9B05C1-2EE7-4DEF-AD46-FE0AEC9CFD8C}.Debug|Any CPU.Build.0 = Debug|Any CPU
		{AD9B05C1-2EE7-4DEF-AD46-FE0AEC9CFD8C}.Release|Any CPU.ActiveCfg = Release|Any CPU
		{AD9B05C1-2EE7-4DEF-AD46-FE0AEC9CFD8C}.Release|Any CPU.Build.0 = Release|Any CPU
		{1B47502F-7183-4227-A688-E3EB28F15BD3}.Debug|Any CPU.ActiveCfg = Debug|Any CPU
		{1B47502F-7183-4227-A688-E3EB28F15BD3}.Debug|Any CPU.Build.0 = Debug|Any CPU
		{1B47502F-7183-4227-A688-E3EB28F15BD3}.Release|Any CPU.ActiveCfg = Release|Any CPU
		{1B47502F-7183-4227-A688-E3EB28F15BD3}.Release|Any CPU.Build.0 = Release|Any CPU
		{65D69C98-0D59-4CED-989A-0E4DC7F14D73}.Debug|Any CPU.ActiveCfg = Debug|Any CPU
		{65D69C98-0D59-4CED-989A-0E4DC7F14D73}.Debug|Any CPU.Build.0 = Debug|Any CPU
		{65D69C98-0D59-4CED-989A-0E4DC7F14D73}.Release|Any CPU.ActiveCfg = Release|Any CPU
		{65D69C98-0D59-4CED-989A-0E4DC7F14D73}.Release|Any CPU.Build.0 = Release|Any CPU
		{872A8C51-50B4-40E9-BC09-6850B62421FC}.Debug|Any CPU.ActiveCfg = Debug|Any CPU
		{872A8C51-50B4-40E9-BC09-6850B62421FC}.Debug|Any CPU.Build.0 = Debug|Any CPU
		{872A8C51-50B4-40E9-BC09-6850B62421FC}.Release|Any CPU.ActiveCfg = Release|Any CPU
		{872A8C51-50B4-40E9-BC09-6850B62421FC}.Release|Any CPU.Build.0 = Release|Any CPU
		{182B2CAD-EA8C-4226-93A9-62AAE7E5F3FC}.Debug|Any CPU.ActiveCfg = Debug|Any CPU
		{182B2CAD-EA8C-4226-93A9-62AAE7E5F3FC}.Debug|Any CPU.Build.0 = Debug|Any CPU
		{182B2CAD-EA8C-4226-93A9-62AAE7E5F3FC}.Release|Any CPU.ActiveCfg = Release|Any CPU
		{182B2CAD-EA8C-4226-93A9-62AAE7E5F3FC}.Release|Any CPU.Build.0 = Release|Any CPU
		{641AE860-89C5-408E-A12B-8E8671A9C1E0}.Debug|Any CPU.ActiveCfg = Debug|Any CPU
		{641AE860-89C5-408E-A12B-8E8671A9C1E0}.Debug|Any CPU.Build.0 = Debug|Any CPU
		{641AE860-89C5-408E-A12B-8E8671A9C1E0}.Release|Any CPU.ActiveCfg = Release|Any CPU
		{641AE860-89C5-408E-A12B-8E8671A9C1E0}.Release|Any CPU.Build.0 = Release|Any CPU
		{54B73F9F-EF38-418C-9F52-FE5F6F4CDE23}.Debug|Any CPU.ActiveCfg = Debug|Any CPU
		{54B73F9F-EF38-418C-9F52-FE5F6F4CDE23}.Debug|Any CPU.Build.0 = Debug|Any CPU
		{54B73F9F-EF38-418C-9F52-FE5F6F4CDE23}.Release|Any CPU.ActiveCfg = Release|Any CPU
		{54B73F9F-EF38-418C-9F52-FE5F6F4CDE23}.Release|Any CPU.Build.0 = Release|Any CPU
		{1C44E99B-EFEB-420A-B8B8-A61B91D649C1}.Debug|Any CPU.ActiveCfg = Debug|Any CPU
		{1C44E99B-EFEB-420A-B8B8-A61B91D649C1}.Debug|Any CPU.Build.0 = Debug|Any CPU
		{1C44E99B-EFEB-420A-B8B8-A61B91D649C1}.Release|Any CPU.ActiveCfg = Release|Any CPU
		{1C44E99B-EFEB-420A-B8B8-A61B91D649C1}.Release|Any CPU.Build.0 = Release|Any CPU
		{15F24151-907F-447E-A236-5ED188C0DC72}.Debug|Any CPU.ActiveCfg = Debug|Any CPU
		{15F24151-907F-447E-A236-5ED188C0DC72}.Debug|Any CPU.Build.0 = Debug|Any CPU
		{15F24151-907F-447E-A236-5ED188C0DC72}.Release|Any CPU.ActiveCfg = Release|Any CPU
		{15F24151-907F-447E-A236-5ED188C0DC72}.Release|Any CPU.Build.0 = Release|Any CPU
		{E2E39D45-D946-4F9D-B7FF-7AA179323E7E}.Debug|Any CPU.ActiveCfg = Debug|Any CPU
		{E2E39D45-D946-4F9D-B7FF-7AA179323E7E}.Debug|Any CPU.Build.0 = Debug|Any CPU
		{E2E39D45-D946-4F9D-B7FF-7AA179323E7E}.Release|Any CPU.ActiveCfg = Release|Any CPU
		{E2E39D45-D946-4F9D-B7FF-7AA179323E7E}.Release|Any CPU.Build.0 = Release|Any CPU
		{CEDC4D67-C6C4-4839-B7AF-21F35B778DAA}.Debug|Any CPU.ActiveCfg = Debug|Any CPU
		{CEDC4D67-C6C4-4839-B7AF-21F35B778DAA}.Debug|Any CPU.Build.0 = Debug|Any CPU
		{CEDC4D67-C6C4-4839-B7AF-21F35B778DAA}.Release|Any CPU.ActiveCfg = Release|Any CPU
		{CEDC4D67-C6C4-4839-B7AF-21F35B778DAA}.Release|Any CPU.Build.0 = Release|Any CPU
		{98FFA2EB-EDDD-4FCF-8680-47F8C0F76994}.Debug|Any CPU.ActiveCfg = Debug|Any CPU
		{98FFA2EB-EDDD-4FCF-8680-47F8C0F76994}.Debug|Any CPU.Build.0 = Debug|Any CPU
		{98FFA2EB-EDDD-4FCF-8680-47F8C0F76994}.Release|Any CPU.ActiveCfg = Release|Any CPU
		{98FFA2EB-EDDD-4FCF-8680-47F8C0F76994}.Release|Any CPU.Build.0 = Release|Any CPU
		{4775576E-3E0F-47AD-863C-04D164B2AD93}.Debug|Any CPU.ActiveCfg = Debug|Any CPU
		{4775576E-3E0F-47AD-863C-04D164B2AD93}.Debug|Any CPU.Build.0 = Debug|Any CPU
		{4775576E-3E0F-47AD-863C-04D164B2AD93}.Release|Any CPU.ActiveCfg = Release|Any CPU
		{4775576E-3E0F-47AD-863C-04D164B2AD93}.Release|Any CPU.Build.0 = Release|Any CPU
	EndGlobalSection
	GlobalSection(SolutionProperties) = preSolution
		HideSolutionNode = FALSE
	EndGlobalSection
	GlobalSection(NestedProjects) = preSolution
		{5F533859-D5AC-486B-AB90-C3AD6539F329} = {50D1AB38-66FA-4067-BDBF-7C32E92ED4DA}
		{6AC1F9EC-D2C8-4B51-ACFC-87FD8E56A5C0} = {50D1AB38-66FA-4067-BDBF-7C32E92ED4DA}
		{D9170F2F-E4F6-4C49-9ACC-A6F5AE672877} = {6AC1F9EC-D2C8-4B51-ACFC-87FD8E56A5C0}
		{AD94472E-97A0-4941-9018-D96E580DAFBD} = {6AC1F9EC-D2C8-4B51-ACFC-87FD8E56A5C0}
		{73037307-9B06-4641-B734-59BDB0247930} = {6AC1F9EC-D2C8-4B51-ACFC-87FD8E56A5C0}
		{C70FCAF5-26C8-4E6B-BAC2-941DADCEFF53} = {D9170F2F-E4F6-4C49-9ACC-A6F5AE672877}
		{CF98BF4F-9ED1-4557-A510-095CF361100E} = {AD94472E-97A0-4941-9018-D96E580DAFBD}
		{EDDCFB79-374D-4D44-9CA8-3F75D2BD8A24} = {AD94472E-97A0-4941-9018-D96E580DAFBD}
		{021A2E8D-CF6C-4067-99F6-2AABF1E43154} = {73037307-9B06-4641-B734-59BDB0247930}
		{ADC9755F-3083-4724-A606-19014E07C177} = {73037307-9B06-4641-B734-59BDB0247930}
		{77E45FEE-15FF-4BA4-9864-31BB8E294D11} = {73037307-9B06-4641-B734-59BDB0247930}
		{850C496D-C8D8-4E5A-83A9-2A68400B9381} = {5F533859-D5AC-486B-AB90-C3AD6539F329}
		{A05AB4E9-5858-403D-A83B-9CCBB9A48010} = {46AA96E3-E424-4C37-9431-98C114C1BA16}
		{7A0E3268-B2C9-4319-AD10-537A54B92DF8} = {46AA96E3-E424-4C37-9431-98C114C1BA16}
		{44591A06-06E7-48C8-B7E8-61C5929A341F} = {46AA96E3-E424-4C37-9431-98C114C1BA16}
		{495FFB82-4472-41E8-AFF6-A542CB76F5DB} = {46AA96E3-E424-4C37-9431-98C114C1BA16}
		{2246DF30-FDF6-4C36-8A60-618FD0753B55} = {A05AB4E9-5858-403D-A83B-9CCBB9A48010}
		{96A8AF30-C59E-49C3-A7FA-08165D3E5FBE} = {7A0E3268-B2C9-4319-AD10-537A54B92DF8}
		{259B810D-5C12-49EB-8C02-B5B63DC1976B} = {44591A06-06E7-48C8-B7E8-61C5929A341F}
		{6E840BF1-5BE3-435A-AF55-00167FDBB4EA} = {44591A06-06E7-48C8-B7E8-61C5929A341F}
		{67F4486B-F915-4B1B-94EB-3175D9CF7584} = {495FFB82-4472-41E8-AFF6-A542CB76F5DB}
		{AD9B05C1-2EE7-4DEF-AD46-FE0AEC9CFD8C} = {495FFB82-4472-41E8-AFF6-A542CB76F5DB}
		{1B47502F-7183-4227-A688-E3EB28F15BD3} = {495FFB82-4472-41E8-AFF6-A542CB76F5DB}
		{4999A52D-38AC-4885-896F-BCB74F4BC6FE} = {4D2DFBCB-98CF-4D12-B6DF-C5C2053EB4F6}
		{B7993149-0A01-4153-B7D4-48B6041ACD83} = {4D2DFBCB-98CF-4D12-B6DF-C5C2053EB4F6}
		{65D69C98-0D59-4CED-989A-0E4DC7F14D73} = {B7993149-0A01-4153-B7D4-48B6041ACD83}
		{0F02743D-C40E-4E38-94CB-C5603154E0C0} = {D8E17484-AB17-423F-9B4C-972C5FC86097}
		{80461834-DC21-4287-B9D4-1574CDE28331} = {D8E17484-AB17-423F-9B4C-972C5FC86097}
		{872A8C51-50B4-40E9-BC09-6850B62421FC} = {0F02743D-C40E-4E38-94CB-C5603154E0C0}
		{182B2CAD-EA8C-4226-93A9-62AAE7E5F3FC} = {0F02743D-C40E-4E38-94CB-C5603154E0C0}
		{641AE860-89C5-408E-A12B-8E8671A9C1E0} = {80461834-DC21-4287-B9D4-1574CDE28331}
		{54B73F9F-EF38-418C-9F52-FE5F6F4CDE23} = {80461834-DC21-4287-B9D4-1574CDE28331}
		{6EFA30EA-30BB-45B4-8EB3-C88AC3BD8FDE} = {F74978A9-C7E7-4A9B-AF5A-CE62AC73A7A2}
		{C3FDA535-68CD-4924-BA12-5FB804D4585C} = {F74978A9-C7E7-4A9B-AF5A-CE62AC73A7A2}
		{1C44E99B-EFEB-420A-B8B8-A61B91D649C1} = {6EFA30EA-30BB-45B4-8EB3-C88AC3BD8FDE}
		{15F24151-907F-447E-A236-5ED188C0DC72} = {6EFA30EA-30BB-45B4-8EB3-C88AC3BD8FDE}
		{E2E39D45-D946-4F9D-B7FF-7AA179323E7E} = {6EFA30EA-30BB-45B4-8EB3-C88AC3BD8FDE}
		{CEDC4D67-C6C4-4839-B7AF-21F35B778DAA} = {C3FDA535-68CD-4924-BA12-5FB804D4585C}
		{98FFA2EB-EDDD-4FCF-8680-47F8C0F76994} = {0F02743D-C40E-4E38-94CB-C5603154E0C0}
		{4775576E-3E0F-47AD-863C-04D164B2AD93} = {6EFA30EA-30BB-45B4-8EB3-C88AC3BD8FDE}
	EndGlobalSection
EndGlobal
